
Microsoft Visual Studio Solution File, Format Version 12.00
Project("{FAE04EC0-301F-11D3-BF4B-00C04F79EFBC}") = "Time.Api", "Time.Api\Time.Api.csproj", "{20C8A060-7C08-4B40-B469-39A72827B238}"
EndProject
Global
	GlobalSection(SolutionConfigurationPlatforms) = preSolution
		Debug|Any CPU = Debug|Any CPU
		Release|Any CPU = Release|Any CPU
	EndGlobalSection
	GlobalSection(ProjectConfigurationPlatforms) = postSolution
		{20C8A060-7C08-4B40-B469-39A72827B238}.Debug|Any CPU.ActiveCfg = Debug|Any CPU
		{20C8A060-7C08-4B40-B469-39A72827B238}.Debug|Any CPU.Build.0 = Debug|Any CPU
		{20C8A060-7C08-4B40-B469-39A72827B238}.Release|Any CPU.ActiveCfg = Release|Any CPU
		{20C8A060-7C08-4B40-B469-39A72827B238}.Release|Any CPU.Build.0 = Release|Any CPU
	EndGlobalSection
EndGlobal
